
Microsoft Visual Studio Solution File, Format Version 12.00
# Visual Studio Version 17
VisualStudioVersion = 17.13.35825.156 d17.13
MinimumVisualStudioVersion = 10.0.40219.1
Project("{FAE04EC0-301F-11D3-BF4B-00C04F79EFBC}") = "StringProcessingApp", "StringProcessingApp\StringProcessingApp.csproj", "{CAAA99A0-E2A4-4749-BAF1-BAA7512AE9CC}"
EndProject
Global
	GlobalSection(SolutionConfigurationPlatforms) = preSolution
		Debug|Any CPU = Debug|Any CPU
		Release|Any CPU = Release|Any CPU
	EndGlobalSection
	GlobalSection(ProjectConfigurationPlatforms) = postSolution
		{CAAA99A0-E2A4-4749-BAF1-BAA7512AE9CC}.Debug|Any CPU.ActiveCfg = Debug|Any CPU
		{CAAA99A0-E2A4-4749-BAF1-BAA7512AE9CC}.Debug|Any CPU.Build.0 = Debug|Any CPU
		{CAAA99A0-E2A4-4749-BAF1-BAA7512AE9CC}.Release|Any CPU.ActiveCfg = Release|Any CPU
		{CAAA99A0-E2A4-4749-BAF1-BAA7512AE9CC}.Release|Any CPU.Build.0 = Release|Any CPU
	EndGlobalSection
	GlobalSection(SolutionProperties) = preSolution
		HideSolutionNode = FALSE
	EndGlobalSection
	GlobalSection(ExtensibilityGlobals) = postSolution
		SolutionGuid = {FA18831C-1C22-49CE-9C4E-5E8DECE1D989}
	EndGlobalSection
EndGlobal
